
Microsoft Visual Studio Solution File, Format Version 12.00
# Visual Studio Version 17
VisualStudioVersion = 17.5.002.0
MinimumVisualStudioVersion = 10.0.40219.1
Project("{9A19103F-16F7-4668-BE54-9A1E7A4F7556}") = "repositorio Esdras", "repositorio Esdras.csproj", "{174172AD-5C1D-497D-920F-D17CD2D750F9}"
EndProject
Global
	GlobalSection(SolutionConfigurationPlatforms) = preSolution
		Debug|Any CPU = Debug|Any CPU
		Release|Any CPU = Release|Any CPU
	EndGlobalSection
	GlobalSection(ProjectConfigurationPlatforms) = postSolution
		{174172AD-5C1D-497D-920F-D17CD2D750F9}.Debug|Any CPU.ActiveCfg = Debug|Any CPU
		{174172AD-5C1D-497D-920F-D17CD2D750F9}.Debug|Any CPU.Build.0 = Debug|Any CPU
		{174172AD-5C1D-497D-920F-D17CD2D750F9}.Release|Any CPU.ActiveCfg = Release|Any CPU
		{174172AD-5C1D-497D-920F-D17CD2D750F9}.Release|Any CPU.Build.0 = Release|Any CPU
	EndGlobalSection
	GlobalSection(SolutionProperties) = preSolution
		HideSolutionNode = FALSE
	EndGlobalSection
	GlobalSection(ExtensibilityGlobals) = postSolution
		SolutionGuid = {D977B9B7-B6A3-4505-A0CC-B9A270375DB5}
	EndGlobalSection
EndGlobal
